
Microsoft Visual Studio Solution File, Format Version 12.00
# Visual Studio Version 17
VisualStudioVersion = 17.9.34622.214
MinimumVisualStudioVersion = 10.0.40219.1
Project("{FAE04EC0-301F-11D3-BF4B-00C04F79EFBC}") = "BlazorApp3", "BlazorApp3\BlazorApp3.csproj", "{2B58C682-B902-4E85-B4E1-655D9E0AE808}"
EndProject
Global
	GlobalSection(SolutionConfigurationPlatforms) = preSolution
		Debug|Any CPU = Debug|Any CPU
		Release|Any CPU = Release|Any CPU
	EndGlobalSection
	GlobalSection(ProjectConfigurationPlatforms) = postSolution
		{2B58C682-B902-4E85-B4E1-655D9E0AE808}.Debug|Any CPU.ActiveCfg = Debug|Any CPU
		{2B58C682-B902-4E85-B4E1-655D9E0AE808}.Debug|Any CPU.Build.0 = Debug|Any CPU
		{2B58C682-B902-4E85-B4E1-655D9E0AE808}.Release|Any CPU.ActiveCfg = Release|Any CPU
		{2B58C682-B902-4E85-B4E1-655D9E0AE808}.Release|Any CPU.Build.0 = Release|Any CPU
	EndGlobalSection
	GlobalSection(SolutionProperties) = preSolution
		HideSolutionNode = FALSE
	EndGlobalSection
	GlobalSection(ExtensibilityGlobals) = postSolution
		SolutionGuid = {E56DFB61-D0BF-40EC-9C18-852BD632744D}
	EndGlobalSection
EndGlobal
